<?xml version="1.0" encoding="utf-8"?>
<Project ToolsVersion="4.0" xmlns="http://schemas.microsoft.com/developer/msbuild/2003">
  <ItemGroup>
    <Filter Include="Source Files">
      <UniqueIdentifier>{4FC737F1-C7A5-4376-A066-2A32D752A2FF}</UniqueIdentifier>
      <Extensions>cpp;c;cc;cxx;def;odl;idl;hpj;bat;asm;asmx</Extensions>
    </Filter>
    <Filter Include="Header Files">
      <UniqueIdentifier>{93995380-89BD-4b04-88EB-625FBE52EBFB}</UniqueIdentifier>
      <Extensions>h;hh;hpp;hxx;hm;inl;inc;xsd</Extensions>
    </Filter>
    <Filter Include="Resource Files">
      <UniqueIdentifier>{67DA6AB6-F800-4c08-8B7A-83BB121AAD01}</UniqueIdentifier>
      <Extensions>rc;ico;cur;bmp;dlg;rc2;rct;bin;rgs;gif;jpg;jpeg;jpe;resx;tiff;tif;png;wav</Extensions>
    </Filter>
    <Filter Include="Source Files\Windows">
      <UniqueIdentifier>{99d0f818-77f5-4b5d-90a9-7880082d9339}</UniqueIdentifier>
    </Filter>
    <Filter Include="Source Files\Windows\Demo">
      <UniqueIdentifier>{b0fee6d2-9368-4691-85cb-7937ebc03b61}</UniqueIdentifier>
    </Filter>
    <Filter Include="Header Files\Windows">
      <UniqueIdentifier>{3b1873d6-9dd0-43ba-b8dd-336558e952a7}</UniqueIdentifier>
    </Filter>
    <Filter Include="Header Files\Windows\Demo">
      <UniqueIdentifier>{190ac73f-c497-4031-816f-b7a76ca8b9d3}</UniqueIdentifier>
    </Filter>
  </ItemGroup>
  <ItemGroup>
    <ClCompile Include="arcdps_structs.cpp">
      <Filter>Source Files</Filter>
    </ClCompile>
    <ClCompile Include="imgui_stdlib.cpp">
      <Filter>Source Files</Filter>
    </ClCompile>
    <ClCompile Include="KeyBindHandler.cpp">
      <Filter>Source Files</Filter>
    </ClCompile>
    <ClCompile Include="KeyInput.cpp">
      <Filter>Source Files</Filter>
    </ClCompile>
    <ClCompile Include="Localization.cpp">
      <Filter>Source Files</Filter>
    </ClCompile>
    <ClCompile Include="Singleton.cpp">
      <Filter>Source Files</Filter>
    </ClCompile>
    <ClCompile Include="UpdateChecker.cpp">
      <Filter>Source Files</Filter>
    </ClCompile>
    <ClCompile Include="UpdateCheckerBase.cpp">
      <Filter>Source Files</Filter>
    </ClCompile>
    <ClCompile Include="Widgets.cpp">
      <Filter>Source Files</Filter>
    </ClCompile>
    <ClCompile Include="windows\demo\DemoWindow.cpp">
      <Filter>Source Files\Windows\Demo</Filter>
    </ClCompile>
    <ClCompile Include="windows\demo\DemoKeyBindComponent.cpp">
      <Filter>Source Files\Windows\Demo</Filter>
    </ClCompile>
    <ClCompile Include="windows\demo\DemoPositioningComponent.cpp">
      <Filter>Source Files\Windows\Demo</Filter>
    </ClCompile>
    <ClCompile Include="windows\demo\DemoTable.cpp">
      <Filter>Source Files\Windows\Demo</Filter>
    </ClCompile>
    <ClCompile Include="windows\demo\DemoTableWindow.cpp">
      <Filter>Source Files\Windows\Demo</Filter>
    </ClCompile>
    <ClCompile Include="windows\MainWindow.cpp">
      <Filter>Source Files\Windows</Filter>
    </ClCompile>
    <ClCompile Include="windows\PositioningComponent.cpp">
      <Filter>Source Files\Windows</Filter>
    </ClCompile>
    <ClCompile Include="windows\KeyBindComponent.cpp">
      <Filter>Source Files\Windows</Filter>
    </ClCompile>
    <ClCompile Include="IconLoader.cpp">
      <Filter>Source Files</Filter>
    </ClCompile>
  </ItemGroup>
  <ItemGroup>
    <ClInclude Include="arcdps_structs.h">
      <Filter>Header Files</Filter>
    </ClInclude>
    <ClInclude Include="arcdps_structs_slim.h">
      <Filter>Header Files</Filter>
    </ClInclude>
    <ClInclude Include="ExtensionTranslations.h">
      <Filter>Header Files</Filter>
    </ClInclude>
    <ClInclude Include="IconLoader.h">
      <Filter>Header Files</Filter>
    </ClInclude>
    <ClInclude Include="ImGui_Math.h">
      <Filter>Header Files</Filter>
    </ClInclude>
    <ClInclude Include="imgui_stdlib.h">
      <Filter>Header Files</Filter>
    </ClInclude>
    <ClInclude Include="KeyBindHandler.h">
      <Filter>Header Files</Filter>
    </ClInclude>
    <ClInclude Include="KeyInput.h">
      <Filter>Header Files</Filter>
    </ClInclude>
    <ClInclude Include="Localization.h">
      <Filter>Header Files</Filter>
    </ClInclude>
    <ClInclude Include="map.h">
      <Filter>Header Files</Filter>
    </ClInclude>
    <ClInclude Include="MumbleLink.h">
      <Filter>Header Files</Filter>
    </ClInclude>
    <ClInclude Include="nlohmannJsonExtension.h">
      <Filter>Header Files</Filter>
    </ClInclude>
    <ClInclude Include="Singleton.h">
      <Filter>Header Files</Filter>
    </ClInclude>
    <ClInclude Include="UpdateChecker.h">
      <Filter>Header Files</Filter>
    </ClInclude>
    <ClInclude Include="UpdateCheckerBase.h">
      <Filter>Header Files</Filter>
    </ClInclude>
    <ClInclude Include="Widgets.h">
      <Filter>Header Files</Filter>
    </ClInclude>
    <ClInclude Include="rapidfuzz_amalgamated.hpp">
      <Filter>Header Files</Filter>
    </ClInclude>
    <ClInclude Include="windows\ComponentBase.h">
      <Filter>Header Files\Windows</Filter>
    </ClInclude>
    <ClInclude Include="windows\demo\DemoKeyBindComponent.h">
      <Filter>Header Files\Windows\Demo</Filter>
    </ClInclude>
    <ClInclude Include="windows\demo\DemoPositioningComponent.h">
      <Filter>Header Files\Windows\Demo</Filter>
    </ClInclude>
    <ClInclude Include="windows\demo\DemoTable.h">
      <Filter>Header Files\Windows\Demo</Filter>
    </ClInclude>
    <ClInclude Include="windows\demo\DemoTableWindow.h">
      <Filter>Header Files\Windows\Demo</Filter>
    </ClInclude>
    <ClInclude Include="windows\demo\DemoWindow.h">
      <Filter>Header Files\Windows\Demo</Filter>
    </ClInclude>
    <ClInclude Include="windows\KeyBindComponent.h">
      <Filter>Header Files\Windows</Filter>
    </ClInclude>
    <ClInclude Include="windows\MainWindow.h">
      <Filter>Header Files\Windows</Filter>
    </ClInclude>
    <ClInclude Include="windows\MainTable.h">
      <Filter>Header Files\Windows</Filter>
    </ClInclude>
    <ClInclude Include="windows\PositioningComponent.h">
      <Filter>Header Files\Windows</Filter>
    </ClInclude>
    <ClInclude Include="SimpleRingBuffer.h">
      <Filter>Header Files</Filter>
    </ClInclude>
  </ItemGroup>
</Project>